{
  "version": 4,
  "terraform_version": "1.14.3",
  "serial": 13,
  "lineage": "3190dabc-084d-ffd9-03bf-b6cd876b63b5",
  "outputs": {
    "frontend": {
      "value": "35.91.41.33",
      "type": "string"
    },
    "redis": {
      "value": "44.243.236.102",
      "type": "string"
    }
  },
  "resources": [
    {
      "mode": "data",
      "type": "aws_ami",
      "name": "debian",
      "provider": "provider[\"registry.terraform.io/hashicorp/aws\"]",
      "instances": [
        {
          "schema_version": 0,
          "attributes": {
            "allow_unsafe_filter": null,
            "architecture": "x86_64",
            "arn": "arn:aws:ec2:us-west-2::image/ami-0ccc7a62d0b3c70d0",
            "block_device_mappings": [
              {
                "device_name": "/dev/xvda",
                "ebs": {
                  "delete_on_termination": "true",
                  "encrypted": "false",
                  "iops": "3000",
                  "snapshot_id": "snap-063e9b3e2b72477dd",
                  "throughput": "125",
                  "volume_initialization_rate": "0",
                  "volume_size": "8",
                  "volume_type": "gp3"
                },
                "no_device": "",
                "virtual_name": ""
              }
            ],
            "boot_mode": "",
            "creation_date": "2026-02-20T15:19:13.000Z",
            "deprecation_time": "2028-02-20T15:19:13.000Z",
            "description": "Debian 13 (20260220-2394)",
            "ena_support": true,
            "executable_users": null,
            "filter": [
              {
                "name": "name",
                "values": [
                  "debian-13-amd64-*"
                ]
              },
              {
                "name": "virtualization-type",
                "values": [
                  "hvm"
                ]
              }
            ],
            "hypervisor": "xen",
            "id": "ami-0ccc7a62d0b3c70d0",
            "image_id": "ami-0ccc7a62d0b3c70d0",
            "image_location": "amazon/debian-13-amd64-20260220-2394",
            "image_owner_alias": "amazon",
            "image_type": "machine",
            "imds_support": "",
            "include_deprecated": false,
            "kernel_id": "",
            "last_launched_time": "",
            "most_recent": true,
            "name": "debian-13-amd64-20260220-2394",
            "name_regex": null,
            "owner_id": "136693071363",
            "owners": [
              "amazon"
            ],
            "platform": "",
            "platform_details": "Linux/UNIX",
            "product_codes": [],
            "public": true,
            "ramdisk_id": "",
            "region": "us-west-2",
            "root_device_name": "/dev/xvda",
            "root_device_type": "ebs",
            "root_snapshot_id": "snap-063e9b3e2b72477dd",
            "sriov_net_support": "simple",
            "state": "available",
            "state_reason": {
              "code": "UNSET",
              "message": "UNSET"
            },
            "tags": {},
            "timeouts": null,
            "tpm_support": "",
            "uefi_data": null,
            "usage_operation": "RunInstances",
            "virtualization_type": "hvm"
          },
          "sensitive_attributes": [],
          "identity_schema_version": 0
        }
      ]
    },
    {
      "mode": "managed",
      "type": "aws_internet_gateway",
      "name": "web-gw",
      "provider": "provider[\"registry.terraform.io/hashicorp/aws\"]",
      "instances": [
        {
          "schema_version": 0,
          "attributes": {
            "arn": "arn:aws:ec2:us-west-2:899673281685:internet-gateway/igw-0495dcd8b9073e65f",
            "id": "igw-0495dcd8b9073e65f",
            "owner_id": "899673281685",
            "region": "us-west-2",
            "tags": {
              "Name": "Web"
            },
            "tags_all": {
              "Name": "Web"
            },
            "timeouts": null,
            "vpc_id": "vpc-0f42bbc90ebee3f47"
          },
          "sensitive_attributes": [],
          "identity_schema_version": 0,
          "private": "eyJlMmJmYjczMC1lY2FhLTExZTYtOGY4OC0zNDM2M2JjN2M0YzAiOnsiY3JlYXRlIjoxMjAwMDAwMDAwMDAwLCJkZWxldGUiOjEyMDAwMDAwMDAwMDAsInVwZGF0ZSI6MTIwMDAwMDAwMDAwMH19",
          "dependencies": [
            "aws_vpc.web"
          ]
        }
      ]
    },
    {
      "mode": "managed",
      "type": "aws_route",
      "name": "default_route",
      "provider": "provider[\"registry.terraform.io/hashicorp/aws\"]",
      "instances": [
        {
          "schema_version": 0,
          "attributes": {
            "carrier_gateway_id": "",
            "core_network_arn": "",
            "destination_cidr_block": "0.0.0.0/0",
            "destination_ipv6_cidr_block": "",
            "destination_prefix_list_id": "",
            "egress_only_gateway_id": "",
            "gateway_id": "igw-0495dcd8b9073e65f",
            "id": "r-rtb-0e25290f6da1163ee1080289494",
            "instance_id": "",
            "instance_owner_id": "",
            "local_gateway_id": "",
            "nat_gateway_id": "",
            "network_interface_id": "",
            "origin": "CreateRoute",
            "region": "us-west-2",
            "route_table_id": "rtb-0e25290f6da1163ee",
            "state": "active",
            "timeouts": null,
            "transit_gateway_id": "",
            "vpc_endpoint_id": "",
            "vpc_peering_connection_id": ""
          },
          "sensitive_attributes": [],
          "identity_schema_version": 0,
          "identity": {
            "account_id": "899673281685",
            "destination_cidr_block": "0.0.0.0/0",
            "destination_ipv6_cidr_block": null,
            "destination_prefix_list_id": null,
            "region": "us-west-2",
            "route_table_id": "rtb-0e25290f6da1163ee"
          },
          "private": "eyJlMmJmYjczMC1lY2FhLTExZTYtOGY4OC0zNDM2M2JjN2M0YzAiOnsiY3JlYXRlIjozMDAwMDAwMDAwMDAsImRlbGV0ZSI6MzAwMDAwMDAwMDAwLCJ1cGRhdGUiOjEyMDAwMDAwMDAwMH19",
          "dependencies": [
            "aws_internet_gateway.web-gw",
            "aws_route_table.web",
            "aws_vpc.web"
          ]
        }
      ]
    },
    {
      "mode": "managed",
      "type": "aws_route_table",
      "name": "web",
      "provider": "provider[\"registry.terraform.io/hashicorp/aws\"]",
      "instances": [
        {
          "schema_version": 0,
          "attributes": {
            "arn": "arn:aws:ec2:us-west-2:899673281685:route-table/rtb-0e25290f6da1163ee",
            "id": "rtb-0e25290f6da1163ee",
            "owner_id": "899673281685",
            "propagating_vgws": [],
            "region": "us-west-2",
            "route": [],
            "tags": {
              "Name": "web-route"
            },
            "tags_all": {
              "Name": "web-route"
            },
            "timeouts": null,
            "vpc_id": "vpc-0f42bbc90ebee3f47"
          },
          "sensitive_attributes": [],
          "identity_schema_version": 0,
          "identity": {
            "account_id": "899673281685",
            "id": "rtb-0e25290f6da1163ee",
            "region": "us-west-2"
          },
          "private": "eyJlMmJmYjczMC1lY2FhLTExZTYtOGY4OC0zNDM2M2JjN2M0YzAiOnsiY3JlYXRlIjozMDAwMDAwMDAwMDAsImRlbGV0ZSI6MzAwMDAwMDAwMDAwLCJ1cGRhdGUiOjEyMDAwMDAwMDAwMH19",
          "dependencies": [
            "aws_vpc.web"
          ]
        }
      ]
    },
    {
      "mode": "managed",
      "type": "aws_route_table_association",
      "name": "web",
      "provider": "provider[\"registry.terraform.io/hashicorp/aws\"]",
      "instances": [
        {
          "schema_version": 0,
          "attributes": {
            "gateway_id": "",
            "id": "rtbassoc-0a70a87518aaee4b6",
            "region": "us-west-2",
            "route_table_id": "rtb-0e25290f6da1163ee",
            "subnet_id": "subnet-0be430748d0cd4058",
            "timeouts": null
          },
          "sensitive_attributes": [],
          "identity_schema_version": 0,
          "private": "eyJlMmJmYjczMC1lY2FhLTExZTYtOGY4OC0zNDM2M2JjN2M0YzAiOnsiY3JlYXRlIjozMDAwMDAwMDAwMDAsImRlbGV0ZSI6MzAwMDAwMDAwMDAwLCJ1cGRhdGUiOjEyMDAwMDAwMDAwMH19",
          "dependencies": [
            "aws_route_table.web",
            "aws_subnet.web",
            "aws_vpc.web"
          ]
        }
      ]
    },
    {
      "mode": "managed",
      "type": "aws_security_group",
      "name": "web",
      "provider": "provider[\"registry.terraform.io/hashicorp/aws\"]",
      "instances": [
        {
          "schema_version": 1,
          "attributes": {
            "arn": "arn:aws:ec2:us-west-2:899673281685:security-group/sg-0dee3545039b12971",
            "description": "allow ssh from home and work",
            "egress": [],
            "id": "sg-0dee3545039b12971",
            "ingress": [],
            "name": "allow_ssh",
            "name_prefix": "",
            "owner_id": "899673281685",
            "region": "us-west-2",
            "revoke_rules_on_delete": false,
            "tags": {
              "Name": "Web"
            },
            "tags_all": {
              "Name": "Web"
            },
            "timeouts": null,
            "vpc_id": "vpc-0f42bbc90ebee3f47"
          },
          "sensitive_attributes": [],
          "identity_schema_version": 0,
          "identity": {
            "account_id": "899673281685",
            "id": "sg-0dee3545039b12971",
            "region": "us-west-2"
          },
          "private": "eyJlMmJmYjczMC1lY2FhLTExZTYtOGY4OC0zNDM2M2JjN2M0YzAiOnsiY3JlYXRlIjo2MDAwMDAwMDAwMDAsImRlbGV0ZSI6OTAwMDAwMDAwMDAwfSwic2NoZW1hX3ZlcnNpb24iOiIxIn0=",
          "dependencies": [
            "aws_vpc.web"
          ]
        }
      ]
    },
    {
      "mode": "managed",
      "type": "aws_subnet",
      "name": "web",
      "provider": "provider[\"registry.terraform.io/hashicorp/aws\"]",
      "instances": [
        {
          "schema_version": 1,
          "attributes": {
            "arn": "arn:aws:ec2:us-west-2:899673281685:subnet/subnet-0be430748d0cd4058",
            "assign_ipv6_address_on_creation": false,
            "availability_zone": "us-west-2a",
            "availability_zone_id": "usw2-az2",
            "cidr_block": "10.0.1.0/24",
            "customer_owned_ipv4_pool": "",
            "enable_dns64": false,
            "enable_lni_at_device_index": 0,
            "enable_resource_name_dns_a_record_on_launch": false,
            "enable_resource_name_dns_aaaa_record_on_launch": false,
            "id": "subnet-0be430748d0cd4058",
            "ipv6_cidr_block": "",
            "ipv6_cidr_block_association_id": "",
            "ipv6_native": false,
            "map_customer_owned_ip_on_launch": false,
            "map_public_ip_on_launch": true,
            "outpost_arn": "",
            "owner_id": "899673281685",
            "private_dns_hostname_type_on_launch": "ip-name",
            "region": "us-west-2",
            "tags": {
              "Name": "Web"
            },
            "tags_all": {
              "Name": "Web"
            },
            "timeouts": null,
            "vpc_id": "vpc-0f42bbc90ebee3f47"
          },
          "sensitive_attributes": [],
          "identity_schema_version": 0,
          "identity": {
            "account_id": "899673281685",
            "id": "subnet-0be430748d0cd4058",
            "region": "us-west-2"
          },
          "private": "eyJlMmJmYjczMC1lY2FhLTExZTYtOGY4OC0zNDM2M2JjN2M0YzAiOnsiY3JlYXRlIjo2MDAwMDAwMDAwMDAsImRlbGV0ZSI6MTIwMDAwMDAwMDAwMH0sInNjaGVtYV92ZXJzaW9uIjoiMSJ9",
          "dependencies": [
            "aws_vpc.web"
          ]
        }
      ]
    },
    {
      "mode": "managed",
      "type": "aws_vpc",
      "name": "web",
      "provider": "provider[\"registry.terraform.io/hashicorp/aws\"]",
      "instances": [
        {
          "schema_version": 1,
          "attributes": {
            "arn": "arn:aws:ec2:us-west-2:899673281685:vpc/vpc-0f42bbc90ebee3f47",
            "assign_generated_ipv6_cidr_block": false,
            "cidr_block": "10.0.0.0/16",
            "default_network_acl_id": "acl-098556bf0ce55b063",
            "default_route_table_id": "rtb-0db73e3bfed5eb1ba",
            "default_security_group_id": "sg-03e11b772f6970c59",
            "dhcp_options_id": "dopt-0a48529aff6684f93",
            "enable_dns_hostnames": true,
            "enable_dns_support": true,
            "enable_network_address_usage_metrics": false,
            "id": "vpc-0f42bbc90ebee3f47",
            "instance_tenancy": "default",
            "ipv4_ipam_pool_id": null,
            "ipv4_netmask_length": null,
            "ipv6_association_id": "",
            "ipv6_cidr_block": "",
            "ipv6_cidr_block_network_border_group": "",
            "ipv6_ipam_pool_id": "",
            "ipv6_netmask_length": 0,
            "main_route_table_id": "rtb-0db73e3bfed5eb1ba",
            "owner_id": "899673281685",
            "region": "us-west-2",
            "tags": {
              "Name": "project_vpc",
              "Project": "lab_week_11"
            },
            "tags_all": {
              "Name": "project_vpc",
              "Project": "lab_week_11"
            }
          },
          "sensitive_attributes": [],
          "identity_schema_version": 0,
          "identity": {
            "account_id": "899673281685",
            "id": "vpc-0f42bbc90ebee3f47",
            "region": "us-west-2"
          },
          "private": "eyJzY2hlbWFfdmVyc2lvbiI6IjEifQ=="
        }
      ]
    },
    {
      "mode": "managed",
      "type": "aws_vpc_security_group_egress_rule",
      "name": "web-egress",
      "provider": "provider[\"registry.terraform.io/hashicorp/aws\"]",
      "instances": [
        {
          "schema_version": 0,
          "attributes": {
            "arn": "arn:aws:ec2:us-west-2:899673281685:security-group-rule/sgr-064f0868fa03c82eb",
            "cidr_ipv4": "0.0.0.0/0",
            "cidr_ipv6": null,
            "description": null,
            "from_port": null,
            "id": "sgr-064f0868fa03c82eb",
            "ip_protocol": "-1",
            "prefix_list_id": null,
            "referenced_security_group_id": null,
            "region": "us-west-2",
            "security_group_id": "sg-0dee3545039b12971",
            "security_group_rule_id": "sgr-064f0868fa03c82eb",
            "tags": null,
            "tags_all": {},
            "to_port": null
          },
          "sensitive_attributes": [],
          "identity_schema_version": 0,
          "identity": {
            "account_id": "899673281685",
            "id": "sgr-064f0868fa03c82eb",
            "region": "us-west-2"
          },
          "dependencies": [
            "aws_security_group.web",
            "aws_vpc.web"
          ]
        }
      ]
    },
    {
      "mode": "managed",
      "type": "aws_vpc_security_group_ingress_rule",
      "name": "web-http",
      "provider": "provider[\"registry.terraform.io/hashicorp/aws\"]",
      "instances": [
        {
          "schema_version": 0,
          "attributes": {
            "arn": "arn:aws:ec2:us-west-2:899673281685:security-group-rule/sgr-019e2544d1c73ac37",
            "cidr_ipv4": "0.0.0.0/0",
            "cidr_ipv6": null,
            "description": null,
            "from_port": 80,
            "id": "sgr-019e2544d1c73ac37",
            "ip_protocol": "tcp",
            "prefix_list_id": null,
            "referenced_security_group_id": null,
            "region": "us-west-2",
            "security_group_id": "sg-0dee3545039b12971",
            "security_group_rule_id": "sgr-019e2544d1c73ac37",
            "tags": null,
            "tags_all": {},
            "to_port": 80
          },
          "sensitive_attributes": [],
          "identity_schema_version": 0,
          "identity": {
            "account_id": "899673281685",
            "id": "sgr-019e2544d1c73ac37",
            "region": "us-west-2"
          },
          "dependencies": [
            "aws_security_group.web",
            "aws_vpc.web"
          ]
        }
      ]
    },
    {
      "mode": "managed",
      "type": "aws_vpc_security_group_ingress_rule",
      "name": "web-ssh",
      "provider": "provider[\"registry.terraform.io/hashicorp/aws\"]",
      "instances": [
        {
          "schema_version": 0,
          "attributes": {
            "arn": "arn:aws:ec2:us-west-2:899673281685:security-group-rule/sgr-0e5cd4387c9db5875",
            "cidr_ipv4": "0.0.0.0/0",
            "cidr_ipv6": null,
            "description": null,
            "from_port": 22,
            "id": "sgr-0e5cd4387c9db5875",
            "ip_protocol": "tcp",
            "prefix_list_id": null,
            "referenced_security_group_id": null,
            "region": "us-west-2",
            "security_group_id": "sg-0dee3545039b12971",
            "security_group_rule_id": "sgr-0e5cd4387c9db5875",
            "tags": null,
            "tags_all": {},
            "to_port": 22
          },
          "sensitive_attributes": [],
          "identity_schema_version": 0,
          "identity": {
            "account_id": "899673281685",
            "id": "sgr-0e5cd4387c9db5875",
            "region": "us-west-2"
          },
          "dependencies": [
            "aws_security_group.web",
            "aws_vpc.web"
          ]
        }
      ]
    },
    {
      "module": "module.frontend",
      "mode": "managed",
      "type": "aws_instance",
      "name": "web",
      "provider": "provider[\"registry.terraform.io/hashicorp/aws\"]",
      "instances": [
        {
          "schema_version": 2,
          "attributes": {
            "ami": "ami-0ccc7a62d0b3c70d0",
            "arn": "arn:aws:ec2:us-west-2:899673281685:instance/i-0d8e93d5c4791c420",
            "associate_public_ip_address": true,
            "availability_zone": "us-west-2a",
            "capacity_reservation_specification": [
              {
                "capacity_reservation_preference": "open",
                "capacity_reservation_target": []
              }
            ],
            "cpu_options": [
              {
                "amd_sev_snp": "",
                "core_count": 1,
                "threads_per_core": 2
              }
            ],
            "credit_specification": [
              {
                "cpu_credits": "unlimited"
              }
            ],
            "disable_api_stop": false,
            "disable_api_termination": false,
            "ebs_block_device": [],
            "ebs_optimized": false,
            "enable_primary_ipv6": null,
            "enclave_options": [
              {
                "enabled": false
              }
            ],
            "ephemeral_block_device": [],
            "force_destroy": false,
            "get_password_data": false,
            "hibernation": false,
            "host_id": "",
            "host_resource_group_arn": null,
            "iam_instance_profile": "",
            "id": "i-0d8e93d5c4791c420",
            "instance_initiated_shutdown_behavior": "stop",
            "instance_lifecycle": "",
            "instance_market_options": [],
            "instance_state": "running",
            "instance_type": "t3.micro",
            "ipv6_address_count": 0,
            "ipv6_addresses": [],
            "key_name": "aws-4640",
            "launch_template": [],
            "maintenance_options": [
              {
                "auto_recovery": "default"
              }
            ],
            "metadata_options": [
              {
                "http_endpoint": "enabled",
                "http_protocol_ipv6": "disabled",
                "http_put_response_hop_limit": 1,
                "http_tokens": "optional",
                "instance_metadata_tags": "disabled"
              }
            ],
            "monitoring": false,
            "network_interface": [],
            "outpost_arn": "",
            "password_data": "",
            "placement_group": "",
            "placement_group_id": "",
            "placement_partition_number": 0,
            "primary_network_interface": [
              {
                "delete_on_termination": true,
                "network_interface_id": "eni-042a07184526933c9"
              }
            ],
            "primary_network_interface_id": "eni-042a07184526933c9",
            "private_dns": "ip-10-0-1-83.us-west-2.compute.internal",
            "private_dns_name_options": [
              {
                "enable_resource_name_dns_a_record": false,
                "enable_resource_name_dns_aaaa_record": false,
                "hostname_type": "ip-name"
              }
            ],
            "private_ip": "10.0.1.83",
            "public_dns": "ec2-35-91-41-33.us-west-2.compute.amazonaws.com",
            "public_ip": "35.91.41.33",
            "region": "us-west-2",
            "root_block_device": [
              {
                "delete_on_termination": true,
                "device_name": "/dev/xvda",
                "encrypted": false,
                "iops": 3000,
                "kms_key_id": "",
                "tags": {},
                "tags_all": {},
                "throughput": 125,
                "volume_id": "vol-0545c3370fa583c0c",
                "volume_size": 8,
                "volume_type": "gp3"
              }
            ],
            "secondary_private_ips": [],
            "security_groups": [],
            "source_dest_check": true,
            "spot_instance_request_id": "",
            "subnet_id": "subnet-0be430748d0cd4058",
            "tags": {
              "Name": "debian",
              "Project": "lab_week_11",
              "Role": "frontend-server"
            },
            "tags_all": {
              "Name": "debian",
              "Project": "lab_week_11",
              "Role": "frontend-server"
            },
            "tenancy": "default",
            "timeouts": null,
            "user_data": null,
            "user_data_base64": null,
            "user_data_replace_on_change": false,
            "volume_tags": null,
            "vpc_security_group_ids": [
              "sg-0dee3545039b12971"
            ]
          },
          "sensitive_attributes": [],
          "identity_schema_version": 0,
          "identity": {
            "account_id": "899673281685",
            "id": "i-0d8e93d5c4791c420",
            "region": "us-west-2"
          },
          "private": "eyJlMmJmYjczMC1lY2FhLTExZTYtOGY4OC0zNDM2M2JjN2M0YzAiOnsiY3JlYXRlIjo2MDAwMDAwMDAwMDAsImRlbGV0ZSI6MTIwMDAwMDAwMDAwMCwicmVhZCI6OTAwMDAwMDAwMDAwLCJ1cGRhdGUiOjYwMDAwMDAwMDAwMH0sInNjaGVtYV92ZXJzaW9uIjoiMiJ9",
          "dependencies": [
            "aws_security_group.web",
            "aws_subnet.web",
            "aws_vpc.web",
            "data.aws_ami.debian"
          ]
        }
      ]
    },
    {
      "module": "module.redis",
      "mode": "managed",
      "type": "aws_instance",
      "name": "web",
      "provider": "provider[\"registry.terraform.io/hashicorp/aws\"]",
      "instances": [
        {
          "schema_version": 2,
          "attributes": {
            "ami": "ami-093bd987f8e53e1f2",
            "arn": "arn:aws:ec2:us-west-2:899673281685:instance/i-0b76ee83f2eaba4f2",
            "associate_public_ip_address": true,
            "availability_zone": "us-west-2a",
            "capacity_reservation_specification": [
              {
                "capacity_reservation_preference": "open",
                "capacity_reservation_target": []
              }
            ],
            "cpu_options": [
              {
                "amd_sev_snp": "",
                "core_count": 1,
                "threads_per_core": 2
              }
            ],
            "credit_specification": [
              {
                "cpu_credits": "unlimited"
              }
            ],
            "disable_api_stop": false,
            "disable_api_termination": false,
            "ebs_block_device": [],
            "ebs_optimized": false,
            "enable_primary_ipv6": null,
            "enclave_options": [
              {
                "enabled": false
              }
            ],
            "ephemeral_block_device": [],
            "force_destroy": false,
            "get_password_data": false,
            "hibernation": false,
            "host_id": "",
            "host_resource_group_arn": null,
            "iam_instance_profile": "",
            "id": "i-0b76ee83f2eaba4f2",
            "instance_initiated_shutdown_behavior": "stop",
            "instance_lifecycle": "",
            "instance_market_options": [],
            "instance_state": "running",
            "instance_type": "t3.micro",
            "ipv6_address_count": 0,
            "ipv6_addresses": [],
            "key_name": "aws-4640",
            "launch_template": [],
            "maintenance_options": [
              {
                "auto_recovery": "default"
              }
            ],
            "metadata_options": [
              {
                "http_endpoint": "enabled",
                "http_protocol_ipv6": "disabled",
                "http_put_response_hop_limit": 1,
                "http_tokens": "optional",
                "instance_metadata_tags": "disabled"
              }
            ],
            "monitoring": false,
            "network_interface": [],
            "outpost_arn": "",
            "password_data": "",
            "placement_group": "",
            "placement_group_id": "",
            "placement_partition_number": 0,
            "primary_network_interface": [
              {
                "delete_on_termination": true,
                "network_interface_id": "eni-08c3de8a2ca85a169"
              }
            ],
            "primary_network_interface_id": "eni-08c3de8a2ca85a169",
            "private_dns": "ip-10-0-1-126.us-west-2.compute.internal",
            "private_dns_name_options": [
              {
                "enable_resource_name_dns_a_record": false,
                "enable_resource_name_dns_aaaa_record": false,
                "hostname_type": "ip-name"
              }
            ],
            "private_ip": "10.0.1.126",
            "public_dns": "ec2-44-243-236-102.us-west-2.compute.amazonaws.com",
            "public_ip": "44.243.236.102",
            "region": "us-west-2",
            "root_block_device": [
              {
                "delete_on_termination": true,
                "device_name": "/dev/sda1",
                "encrypted": false,
                "iops": 100,
                "kms_key_id": "",
                "tags": {},
                "tags_all": {},
                "throughput": 0,
                "volume_id": "vol-09859ee318ff49735",
                "volume_size": 10,
                "volume_type": "gp2"
              }
            ],
            "secondary_private_ips": [],
            "security_groups": [],
            "source_dest_check": true,
            "spot_instance_request_id": "",
            "subnet_id": "subnet-0be430748d0cd4058",
            "tags": {
              "Name": "rocky",
              "Project": "lab_week_11",
              "Role": "redis-server"
            },
            "tags_all": {
              "Name": "rocky",
              "Project": "lab_week_11",
              "Role": "redis-server"
            },
            "tenancy": "default",
            "timeouts": null,
            "user_data": null,
            "user_data_base64": null,
            "user_data_replace_on_change": false,
            "volume_tags": null,
            "vpc_security_group_ids": [
              "sg-0dee3545039b12971"
            ]
          },
          "sensitive_attributes": [],
          "identity_schema_version": 0,
          "identity": {
            "account_id": "899673281685",
            "id": "i-0b76ee83f2eaba4f2",
            "region": "us-west-2"
          },
          "private": "eyJlMmJmYjczMC1lY2FhLTExZTYtOGY4OC0zNDM2M2JjN2M0YzAiOnsiY3JlYXRlIjo2MDAwMDAwMDAwMDAsImRlbGV0ZSI6MTIwMDAwMDAwMDAwMCwicmVhZCI6OTAwMDAwMDAwMDAwLCJ1cGRhdGUiOjYwMDAwMDAwMDAwMH0sInNjaGVtYV92ZXJzaW9uIjoiMiJ9",
          "dependencies": [
            "aws_security_group.web",
            "aws_subnet.web",
            "aws_vpc.web"
          ]
        }
      ]
    }
  ],
  "check_results": null
}
